
Microsoft Visual Studio Solution File, Format Version 12.00
# Visual Studio Version 17
VisualStudioVersion = 17.0.32014.148
MinimumVisualStudioVersion = 10.0.40219.1
Project("{FAE04EC0-301F-11D3-BF4B-00C04F79EFBC}") = "PrimeiroPrograma", "PrimeiroPrograma\PrimeiroPrograma.csproj", "{2D701B60-EB26-42DE-91CC-C4EFEFCA5128}"
EndProject
Global
	GlobalSection(SolutionConfigurationPlatforms) = preSolution
		Debug|Any CPU = Debug|Any CPU
		Release|Any CPU = Release|Any CPU
	EndGlobalSection
	GlobalSection(ProjectConfigurationPlatforms) = postSolution
		{2D701B60-EB26-42DE-91CC-C4EFEFCA5128}.Debug|Any CPU.ActiveCfg = Debug|Any CPU
		{2D701B60-EB26-42DE-91CC-C4EFEFCA5128}.Debug|Any CPU.Build.0 = Debug|Any CPU
		{2D701B60-EB26-42DE-91CC-C4EFEFCA5128}.Release|Any CPU.ActiveCfg = Release|Any CPU
		{2D701B60-EB26-42DE-91CC-C4EFEFCA5128}.Release|Any CPU.Build.0 = Release|Any CPU
	EndGlobalSection
	GlobalSection(SolutionProperties) = preSolution
		HideSolutionNode = FALSE
	EndGlobalSection
	GlobalSection(ExtensibilityGlobals) = postSolution
		SolutionGuid = {C9663DAA-7DCA-43C7-986C-4918F8B84CF4}
	EndGlobalSection
EndGlobal
